// !$*UTF8*$!
{
	archiveVersion = 1;
	classes = {
	};
	objectVersion = 55;
	objects = {

/* Begin PBXBuildFile section */
		FA0FC24728ABBED8002EFB83 /* Anchor+Extension.swift in Sources */ = {isa = PBXBuildFile; fileRef = FA0FC24628ABBED8002EFB83 /* Anchor+Extension.swift */; };
		FA0FC24928ABBF16002EFB83 /* MainView.swift in Sources */ = {isa = PBXBuildFile; fileRef = FA0FC24828ABBF16002EFB83 /* MainView.swift */; };
		FA1F927228ABBA7E00EA78BE /* AppDelegate.swift in Sources */ = {isa = PBXBuildFile; fileRef = FA1F927128ABBA7E00EA78BE /* AppDelegate.swift */; };
		FA1F927428ABBA7E00EA78BE /* SceneDelegate.swift in Sources */ = {isa = PBXBuildFile; fileRef = FA1F927328ABBA7E00EA78BE /* SceneDelegate.swift */; };
		FA1F927628ABBA7E00EA78BE /* MainController.swift in Sources */ = {isa = PBXBuildFile; fileRef = FA1F927528ABBA7E00EA78BE /* MainController.swift */; };
		FA1F927B28ABBA8300EA78BE /* Assets.xcassets in Resources */ = {isa = PBXBuildFile; fileRef = FA1F927A28ABBA8300EA78BE /* Assets.xcassets */; };
		FA1F927E28ABBA8300EA78BE /* LaunchScreen.storyboard in Resources */ = {isa = PBXBuildFile; fileRef = FA1F927C28ABBA8300EA78BE /* LaunchScreen.storyboard */; };
		FA8950F128AC3CE700EF2946 /* TaskModel.xcdatamodeld in Sources */ = {isa = PBXBuildFile; fileRef = FA8950EF28AC3CE700EF2946 /* TaskModel.xcdatamodeld */; };
		FA8950F328AC41D900EF2946 /* TaskDataStuck.swift in Sources */ = {isa = PBXBuildFile; fileRef = FA8950F228AC41D900EF2946 /* TaskDataStuck.swift */; };
		FAD014BF28ABD1FD00A16E84 /* MainVCont+DataSource.swift in Sources */ = {isa = PBXBuildFile; fileRef = FAD014BE28ABD1FD00A16E84 /* MainVCont+DataSource.swift */; };
		FAD014C128ABDDBC00A16E84 /* TaskData.swift in Sources */ = {isa = PBXBuildFile; fileRef = FAD014C028ABDDBC00A16E84 /* TaskData.swift */; };
		FAD014C428ABE12400A16E84 /* NewTaskController.swift in Sources */ = {isa = PBXBuildFile; fileRef = FAD014C328ABE12400A16E84 /* NewTaskController.swift */; };
		FAD014C728ABE16100A16E84 /* NewTaskView.swift in Sources */ = {isa = PBXBuildFile; fileRef = FAD014C628ABE16100A16E84 /* NewTaskView.swift */; };
		FAFABD2728AD783400CB6FF0 /* MainCont+TableViewDelegate.swift in Sources */ = {isa = PBXBuildFile; fileRef = FAFABD2628AD783400CB6FF0 /* MainCont+TableViewDelegate.swift */; };
		FAFABD2928AED70300CB6FF0 /* MainViewModel.swift in Sources */ = {isa = PBXBuildFile; fileRef = FAFABD2828AED70300CB6FF0 /* MainViewModel.swift */; };
		FAFABD2C28B2C5CB00CB6FF0 /* MainViewModelType.swift in Sources */ = {isa = PBXBuildFile; fileRef = FAFABD2B28B2C5CB00CB6FF0 /* MainViewModelType.swift */; };
		FAFABD2E28B2C63E00CB6FF0 /* CellViewModelType.swift in Sources */ = {isa = PBXBuildFile; fileRef = FAFABD2D28B2C63E00CB6FF0 /* CellViewModelType.swift */; };
		FAFABD3028B2C6E600CB6FF0 /* NewTaskViewModelType.swift in Sources */ = {isa = PBXBuildFile; fileRef = FAFABD2F28B2C6E600CB6FF0 /* NewTaskViewModelType.swift */; };
		FAFABD3228B2C83100CB6FF0 /* CellView.swift in Sources */ = {isa = PBXBuildFile; fileRef = FAFABD3128B2C83100CB6FF0 /* CellView.swift */; };
		FAFABD3428B2C94400CB6FF0 /* CellViewModel.swift in Sources */ = {isa = PBXBuildFile; fileRef = FAFABD3328B2C94400CB6FF0 /* CellViewModel.swift */; };
		FAFABD3628B2CC0100CB6FF0 /* NewTaskViewModel.swift in Sources */ = {isa = PBXBuildFile; fileRef = FAFABD3528B2CC0100CB6FF0 /* NewTaskViewModel.swift */; };
		FAFABD3D28B2DCF600CB6FF0 /* TaskEntity+CoreDataClass.swift in Sources */ = {isa = PBXBuildFile; fileRef = FAFABD3B28B2DCF600CB6FF0 /* TaskEntity+CoreDataClass.swift */; };
		FAFABD3E28B2DCF600CB6FF0 /* TaskEntity+CoreDataProperties.swift in Sources */ = {isa = PBXBuildFile; fileRef = FAFABD3C28B2DCF600CB6FF0 /* TaskEntity+CoreDataProperties.swift */; };
		FAFABD4028B429D300CB6FF0 /* MainCont+NewTaskDelegate.swift in Sources */ = {isa = PBXBuildFile; fileRef = FAFABD3F28B429D300CB6FF0 /* MainCont+NewTaskDelegate.swift */; };
/* End PBXBuildFile section */

/* Begin PBXFileReference section */
		FA0FC24628ABBED8002EFB83 /* Anchor+Extension.swift */ = {isa = PBXFileReference; lastKnownFileType = sourcecode.swift; path = "Anchor+Extension.swift"; sourceTree = "<group>"; };
		FA0FC24828ABBF16002EFB83 /* MainView.swift */ = {isa = PBXFileReference; lastKnownFileType = sourcecode.swift; path = MainView.swift; sourceTree = "<group>"; };
		FA1F926E28ABBA7E00EA78BE /* Tasky.app */ = {isa = PBXFileReference; explicitFileType = wrapper.application; includeInIndex = 0; path = Tasky.app; sourceTree = BUILT_PRODUCTS_DIR; };
		FA1F927128ABBA7E00EA78BE /* AppDelegate.swift */ = {isa = PBXFileReference; lastKnownFileType = sourcecode.swift; path = AppDelegate.swift; sourceTree = "<group>"; };
		FA1F927328ABBA7E00EA78BE /* SceneDelegate.swift */ = {isa = PBXFileReference; lastKnownFileType = sourcecode.swift; path = SceneDelegate.swift; sourceTree = "<group>"; };
		FA1F927528ABBA7E00EA78BE /* MainController.swift */ = {isa = PBXFileReference; lastKnownFileType = sourcecode.swift; path = MainController.swift; sourceTree = "<group>"; };
		FA1F927A28ABBA8300EA78BE /* Assets.xcassets */ = {isa = PBXFileReference; lastKnownFileType = folder.assetcatalog; path = Assets.xcassets; sourceTree = "<group>"; };
		FA1F927D28ABBA8300EA78BE /* Base */ = {isa = PBXFileReference; lastKnownFileType = file.storyboard; name = Base; path = Base.lproj/LaunchScreen.storyboard; sourceTree = "<group>"; };
		FA1F927F28ABBA8300EA78BE /* Info.plist */ = {isa = PBXFileReference; lastKnownFileType = text.plist.xml; path = Info.plist; sourceTree = "<group>"; };
		FA8950F028AC3CE700EF2946 /* TaskModel.xcdatamodel */ = {isa = PBXFileReference; lastKnownFileType = wrapper.xcdatamodel; path = TaskModel.xcdatamodel; sourceTree = "<group>"; };
		FA8950F228AC41D900EF2946 /* TaskDataStuck.swift */ = {isa = PBXFileReference; lastKnownFileType = sourcecode.swift; path = TaskDataStuck.swift; sourceTree = "<group>"; };
		FAD014BE28ABD1FD00A16E84 /* MainVCont+DataSource.swift */ = {isa = PBXFileReference; lastKnownFileType = sourcecode.swift; path = "MainVCont+DataSource.swift"; sourceTree = "<group>"; };
		FAD014C028ABDDBC00A16E84 /* TaskData.swift */ = {isa = PBXFileReference; lastKnownFileType = sourcecode.swift; path = TaskData.swift; sourceTree = "<group>"; };
		FAD014C328ABE12400A16E84 /* NewTaskController.swift */ = {isa = PBXFileReference; lastKnownFileType = sourcecode.swift; path = NewTaskController.swift; sourceTree = "<group>"; };
		FAD014C628ABE16100A16E84 /* NewTaskView.swift */ = {isa = PBXFileReference; lastKnownFileType = sourcecode.swift; path = NewTaskView.swift; sourceTree = "<group>"; };
		FAFABD2628AD783400CB6FF0 /* MainCont+TableViewDelegate.swift */ = {isa = PBXFileReference; lastKnownFileType = sourcecode.swift; path = "MainCont+TableViewDelegate.swift"; sourceTree = "<group>"; };
		FAFABD2828AED70300CB6FF0 /* MainViewModel.swift */ = {isa = PBXFileReference; lastKnownFileType = sourcecode.swift; path = MainViewModel.swift; sourceTree = "<group>"; };
		FAFABD2B28B2C5CB00CB6FF0 /* MainViewModelType.swift */ = {isa = PBXFileReference; lastKnownFileType = sourcecode.swift; path = MainViewModelType.swift; sourceTree = "<group>"; };
		FAFABD2D28B2C63E00CB6FF0 /* CellViewModelType.swift */ = {isa = PBXFileReference; lastKnownFileType = sourcecode.swift; path = CellViewModelType.swift; sourceTree = "<group>"; };
		FAFABD2F28B2C6E600CB6FF0 /* NewTaskViewModelType.swift */ = {isa = PBXFileReference; lastKnownFileType = sourcecode.swift; path = NewTaskViewModelType.swift; sourceTree = "<group>"; };
		FAFABD3128B2C83100CB6FF0 /* CellView.swift */ = {isa = PBXFileReference; lastKnownFileType = sourcecode.swift; path = CellView.swift; sourceTree = "<group>"; };
		FAFABD3328B2C94400CB6FF0 /* CellViewModel.swift */ = {isa = PBXFileReference; lastKnownFileType = sourcecode.swift; path = CellViewModel.swift; sourceTree = "<group>"; };
		FAFABD3528B2CC0100CB6FF0 /* NewTaskViewModel.swift */ = {isa = PBXFileReference; lastKnownFileType = sourcecode.swift; path = NewTaskViewModel.swift; sourceTree = "<group>"; };
		FAFABD3B28B2DCF600CB6FF0 /* TaskEntity+CoreDataClass.swift */ = {isa = PBXFileReference; lastKnownFileType = sourcecode.swift; path = "TaskEntity+CoreDataClass.swift"; sourceTree = "<group>"; };
		FAFABD3C28B2DCF600CB6FF0 /* TaskEntity+CoreDataProperties.swift */ = {isa = PBXFileReference; lastKnownFileType = sourcecode.swift; path = "TaskEntity+CoreDataProperties.swift"; sourceTree = "<group>"; };
		FAFABD3F28B429D300CB6FF0 /* MainCont+NewTaskDelegate.swift */ = {isa = PBXFileReference; lastKnownFileType = sourcecode.swift; path = "MainCont+NewTaskDelegate.swift"; sourceTree = "<group>"; };
/* End PBXFileReference section */

/* Begin PBXFrameworksBuildPhase section */
		FA1F926B28ABBA7E00EA78BE /* Frameworks */ = {
			isa = PBXFrameworksBuildPhase;
			buildActionMask = 2147483647;
			files = (
			);
			runOnlyForDeploymentPostprocessing = 0;
		};
/* End PBXFrameworksBuildPhase section */

/* Begin PBXGroup section */
		FA0FC24528ABBEB4002EFB83 /* Extension */ = {
			isa = PBXGroup;
			children = (
				FA0FC24628ABBED8002EFB83 /* Anchor+Extension.swift */,
			);
			path = Extension;
			sourceTree = "<group>";
		};
		FA1F926528ABBA7D00EA78BE = {
			isa = PBXGroup;
			children = (
				FA1F927028ABBA7E00EA78BE /* Tasky */,
				FA1F926F28ABBA7E00EA78BE /* Products */,
			);
			sourceTree = "<group>";
		};
		FA1F926F28ABBA7E00EA78BE /* Products */ = {
			isa = PBXGroup;
			children = (
				FA1F926E28ABBA7E00EA78BE /* Tasky.app */,
			);
			name = Products;
			sourceTree = "<group>";
		};
		FA1F927028ABBA7E00EA78BE /* Tasky */ = {
			isa = PBXGroup;
			children = (
				FA1F928828ABBADE00EA78BE /* Controller */,
				FAD014C228ABE10000A16E84 /* New Task */,
				FA1F928628ABBACB00EA78BE /* View */,
				FA1F928528ABBAC000EA78BE /* Model */,
				FAFABD2A28B2C5B400CB6FF0 /* Protocol */,
				FA1F928728ABBAD300EA78BE /* ViewModel */,
				FA0FC24528ABBEB4002EFB83 /* Extension */,
				FA1F928928ABBAE800EA78BE /* Supporting Files */,
			);
			path = Tasky;
			sourceTree = "<group>";
		};
		FA1F928528ABBAC000EA78BE /* Model */ = {
			isa = PBXGroup;
			children = (
				FAD014C028ABDDBC00A16E84 /* TaskData.swift */,
				FA8950F228AC41D900EF2946 /* TaskDataStuck.swift */,
				FAFABD3B28B2DCF600CB6FF0 /* TaskEntity+CoreDataClass.swift */,
				FAFABD3C28B2DCF600CB6FF0 /* TaskEntity+CoreDataProperties.swift */,
				FA8950EF28AC3CE700EF2946 /* TaskModel.xcdatamodeld */,
			);
			path = Model;
			sourceTree = "<group>";
		};
		FA1F928628ABBACB00EA78BE /* View */ = {
			isa = PBXGroup;
			children = (
				FAD014C528ABE14100A16E84 /* New Task */,
				FAD014BC28ABD1BD00A16E84 /* Main */,
			);
			path = View;
			sourceTree = "<group>";
		};
		FA1F928728ABBAD300EA78BE /* ViewModel */ = {
			isa = PBXGroup;
			children = (
				FAFABD2828AED70300CB6FF0 /* MainViewModel.swift */,
				FAFABD3328B2C94400CB6FF0 /* CellViewModel.swift */,
				FAFABD3528B2CC0100CB6FF0 /* NewTaskViewModel.swift */,
			);
			path = ViewModel;
			sourceTree = "<group>";
		};
		FA1F928828ABBADE00EA78BE /* Controller */ = {
			isa = PBXGroup;
			children = (
				FAD014BD28ABD1EA00A16E84 /* Main */,
			);
			path = Controller;
			sourceTree = "<group>";
		};
		FA1F928928ABBAE800EA78BE /* Supporting Files */ = {
			isa = PBXGroup;
			children = (
				FA1F927328ABBA7E00EA78BE /* SceneDelegate.swift */,
				FA1F927128ABBA7E00EA78BE /* AppDelegate.swift */,
				FA1F927A28ABBA8300EA78BE /* Assets.xcassets */,
				FA1F927C28ABBA8300EA78BE /* LaunchScreen.storyboard */,
				FA1F927F28ABBA8300EA78BE /* Info.plist */,
			);
			path = "Supporting Files";
			sourceTree = "<group>";
		};
		FAD014BC28ABD1BD00A16E84 /* Main */ = {
			isa = PBXGroup;
			children = (
				FA0FC24828ABBF16002EFB83 /* MainView.swift */,
				FAFABD3128B2C83100CB6FF0 /* CellView.swift */,
			);
			path = Main;
			sourceTree = "<group>";
		};
		FAD014BD28ABD1EA00A16E84 /* Main */ = {
			isa = PBXGroup;
			children = (
				FA1F927528ABBA7E00EA78BE /* MainController.swift */,
				FAD014BE28ABD1FD00A16E84 /* MainVCont+DataSource.swift */,
				FAFABD2628AD783400CB6FF0 /* MainCont+TableViewDelegate.swift */,
				FAFABD3F28B429D300CB6FF0 /* MainCont+NewTaskDelegate.swift */,
			);
			path = Main;
			sourceTree = "<group>";
		};
		FAD014C228ABE10000A16E84 /* New Task */ = {
			isa = PBXGroup;
			children = (
				FAD014C328ABE12400A16E84 /* NewTaskController.swift */,
			);
			path = "New Task";
			sourceTree = "<group>";
		};
		FAD014C528ABE14100A16E84 /* New Task */ = {
			isa = PBXGroup;
			children = (
				FAD014C628ABE16100A16E84 /* NewTaskView.swift */,
			);
			path = "New Task";
			sourceTree = "<group>";
		};
		FAFABD2A28B2C5B400CB6FF0 /* Protocol */ = {
			isa = PBXGroup;
			children = (
				FAFABD2B28B2C5CB00CB6FF0 /* MainViewModelType.swift */,
				FAFABD2D28B2C63E00CB6FF0 /* CellViewModelType.swift */,
				FAFABD2F28B2C6E600CB6FF0 /* NewTaskViewModelType.swift */,
			);
			path = Protocol;
			sourceTree = "<group>";
		};
/* End PBXGroup section */

/* Begin PBXNativeTarget section */
		FA1F926D28ABBA7E00EA78BE /* Tasky */ = {
			isa = PBXNativeTarget;
			buildConfigurationList = FA1F928228ABBA8300EA78BE /* Build configuration list for PBXNativeTarget "Tasky" */;
			buildPhases = (
				FA1F926A28ABBA7E00EA78BE /* Sources */,
				FA1F926B28ABBA7E00EA78BE /* Frameworks */,
				FA1F926C28ABBA7E00EA78BE /* Resources */,
			);
			buildRules = (
			);
			dependencies = (
			);
			name = Tasky;
			productName = Tasky;
			productReference = FA1F926E28ABBA7E00EA78BE /* Tasky.app */;
			productType = "com.apple.product-type.application";
		};
/* End PBXNativeTarget section */

/* Begin PBXProject section */
		FA1F926628ABBA7D00EA78BE /* Project object */ = {
			isa = PBXProject;
			attributes = {
				BuildIndependentTargetsInParallel = 1;
				LastSwiftUpdateCheck = 1340;
				LastUpgradeCheck = 1340;
				TargetAttributes = {
					FA1F926D28ABBA7E00EA78BE = {
						CreatedOnToolsVersion = 13.4.1;
					};
				};
			};
			buildConfigurationList = FA1F926928ABBA7D00EA78BE /* Build configuration list for PBXProject "Tasky" */;
			compatibilityVersion = "Xcode 13.0";
			developmentRegion = en;
			hasScannedForEncodings = 0;
			knownRegions = (
				en,
				Base,
			);
			mainGroup = FA1F926528ABBA7D00EA78BE;
			productRefGroup = FA1F926F28ABBA7E00EA78BE /* Products */;
			projectDirPath = "";
			projectRoot = "";
			targets = (
				FA1F926D28ABBA7E00EA78BE /* Tasky */,
			);
		};
/* End PBXProject section */

/* Begin PBXResourcesBuildPhase section */
		FA1F926C28ABBA7E00EA78BE /* Resources */ = {
			isa = PBXResourcesBuildPhase;
			buildActionMask = 2147483647;
			files = (
				FA1F927E28ABBA8300EA78BE /* LaunchScreen.storyboard in Resources */,
				FA1F927B28ABBA8300EA78BE /* Assets.xcassets in Resources */,
			);
			runOnlyForDeploymentPostprocessing = 0;
		};
/* End PBXResourcesBuildPhase section */

/* Begin PBXSourcesBuildPhase section */
		FA1F926A28ABBA7E00EA78BE /* Sources */ = {
			isa = PBXSourcesBuildPhase;
			buildActionMask = 2147483647;
			files = (
				FAFABD3628B2CC0100CB6FF0 /* NewTaskViewModel.swift in Sources */,
				FAFABD2728AD783400CB6FF0 /* MainCont+TableViewDelegate.swift in Sources */,
				FA8950F128AC3CE700EF2946 /* TaskModel.xcdatamodeld in Sources */,
				FA0FC24728ABBED8002EFB83 /* Anchor+Extension.swift in Sources */,
				FA1F927628ABBA7E00EA78BE /* MainController.swift in Sources */,
				FAD014C728ABE16100A16E84 /* NewTaskView.swift in Sources */,
				FA1F927228ABBA7E00EA78BE /* AppDelegate.swift in Sources */,
				FAFABD2E28B2C63E00CB6FF0 /* CellViewModelType.swift in Sources */,
				FA8950F328AC41D900EF2946 /* TaskDataStuck.swift in Sources */,
				FAFABD4028B429D300CB6FF0 /* MainCont+NewTaskDelegate.swift in Sources */,
				FAFABD3D28B2DCF600CB6FF0 /* TaskEntity+CoreDataClass.swift in Sources */,
				FAFABD3428B2C94400CB6FF0 /* CellViewModel.swift in Sources */,
				FAD014C428ABE12400A16E84 /* NewTaskController.swift in Sources */,
				FAFABD2928AED70300CB6FF0 /* MainViewModel.swift in Sources */,
				FA0FC24928ABBF16002EFB83 /* MainView.swift in Sources */,
				FAFABD2C28B2C5CB00CB6FF0 /* MainViewModelType.swift in Sources */,
				FAD014C128ABDDBC00A16E84 /* TaskData.swift in Sources */,
				FAFABD3028B2C6E600CB6FF0 /* NewTaskViewModelType.swift in Sources */,
				FAD014BF28ABD1FD00A16E84 /* MainVCont+DataSource.swift in Sources */,
				FAFABD3E28B2DCF600CB6FF0 /* TaskEntity+CoreDataProperties.swift in Sources */,
				FA1F927428ABBA7E00EA78BE /* SceneDelegate.swift in Sources */,
				FAFABD3228B2C83100CB6FF0 /* CellView.swift in Sources */,
			);
			runOnlyForDeploymentPostprocessing = 0;
		};
/* End PBXSourcesBuildPhase section */

/* Begin PBXVariantGroup section */
		FA1F927C28ABBA8300EA78BE /* LaunchScreen.storyboard */ = {
			isa = PBXVariantGroup;
			children = (
				FA1F927D28ABBA8300EA78BE /* Base */,
			);
			name = LaunchScreen.storyboard;
			sourceTree = "<group>";
		};
/* End PBXVariantGroup section */

/* Begin XCBuildConfiguration section */
		FA1F928028ABBA8300EA78BE /* Debug */ = {
			isa = XCBuildConfiguration;
			buildSettings = {
				ALWAYS_SEARCH_USER_PATHS = NO;
				CLANG_ANALYZER_NONNULL = YES;
				CLANG_ANALYZER_NUMBER_OBJECT_CONVERSION = YES_AGGRESSIVE;
				CLANG_CXX_LANGUAGE_STANDARD = "gnu++17";
				CLANG_ENABLE_MODULES = YES;
				CLANG_ENABLE_OBJC_ARC = YES;
				CLANG_ENABLE_OBJC_WEAK = YES;
				CLANG_WARN_BLOCK_CAPTURE_AUTORELEASING = YES;
				CLANG_WARN_BOOL_CONVERSION = YES;
				CLANG_WARN_COMMA = YES;
				CLANG_WARN_CONSTANT_CONVERSION = YES;
				CLANG_WARN_DEPRECATED_OBJC_IMPLEMENTATIONS = YES;
				CLANG_WARN_DIRECT_OBJC_ISA_USAGE = YES_ERROR;
				CLANG_WARN_DOCUMENTATION_COMMENTS = YES;
				CLANG_WARN_EMPTY_BODY = YES;
				CLANG_WARN_ENUM_CONVERSION = YES;
				CLANG_WARN_INFINITE_RECURSION = YES;
				CLANG_WARN_INT_CONVERSION = YES;
				CLANG_WARN_NON_LITERAL_NULL_CONVERSION = YES;
				CLANG_WARN_OBJC_IMPLICIT_RETAIN_SELF = YES;
				CLANG_WARN_OBJC_LITERAL_CONVERSION = YES;
				CLANG_WARN_OBJC_ROOT_CLASS = YES_ERROR;
				CLANG_WARN_QUOTED_INCLUDE_IN_FRAMEWORK_HEADER = YES;
				CLANG_WARN_RANGE_LOOP_ANALYSIS = YES;
				CLANG_WARN_STRICT_PROTOTYPES = YES;
				CLANG_WARN_SUSPICIOUS_MOVE = YES;
				CLANG_WARN_UNGUARDED_AVAILABILITY = YES_AGGRESSIVE;
				CLANG_WARN_UNREACHABLE_CODE = YES;
				CLANG_WARN__DUPLICATE_METHOD_MATCH = YES;
				COPY_PHASE_STRIP = NO;
				DEBUG_INFORMATION_FORMAT = dwarf;
				ENABLE_STRICT_OBJC_MSGSEND = YES;
				ENABLE_TESTABILITY = YES;
				GCC_C_LANGUAGE_STANDARD = gnu11;
				GCC_DYNAMIC_NO_PIC = NO;
				GCC_NO_COMMON_BLOCKS = YES;
				GCC_OPTIMIZATION_LEVEL = 0;
				GCC_PREPROCESSOR_DEFINITIONS = (
					"DEBUG=1",
					"$(inherited)",
				);
				GCC_WARN_64_TO_32_BIT_CONVERSION = YES;
				GCC_WARN_ABOUT_RETURN_TYPE = YES_ERROR;
				GCC_WARN_UNDECLARED_SELECTOR = YES;
				GCC_WARN_UNINITIALIZED_AUTOS = YES_AGGRESSIVE;
				GCC_WARN_UNUSED_FUNCTION = YES;
				GCC_WARN_UNUSED_VARIABLE = YES;
				IPHONEOS_DEPLOYMENT_TARGET = 15.5;
				MTL_ENABLE_DEBUG_INFO = INCLUDE_SOURCE;
				MTL_FAST_MATH = YES;
				ONLY_ACTIVE_ARCH = YES;
				SDKROOT = iphoneos;
				SWIFT_ACTIVE_COMPILATION_CONDITIONS = DEBUG;
				SWIFT_OPTIMIZATION_LEVEL = "-Onone";
			};
			name = Debug;
		};
		FA1F928128ABBA8300EA78BE /* Release */ = {
			isa = XCBuildConfiguration;
			buildSettings = {
				ALWAYS_SEARCH_USER_PATHS = NO;
				CLANG_ANALYZER_NONNULL = YES;
				CLANG_ANALYZER_NUMBER_OBJECT_CONVERSION = YES_AGGRESSIVE;
				CLANG_CXX_LANGUAGE_STANDARD = "gnu++17";
				CLANG_ENABLE_MODULES = YES;
				CLANG_ENABLE_OBJC_ARC = YES;
				CLANG_ENABLE_OBJC_WEAK = YES;
				CLANG_WARN_BLOCK_CAPTURE_AUTORELEASING = YES;
				CLANG_WARN_BOOL_CONVERSION = YES;
				CLANG_WARN_COMMA = YES;
				CLANG_WARN_CONSTANT_CONVERSION = YES;
				CLANG_WARN_DEPRECATED_OBJC_IMPLEMENTATIONS = YES;
				CLANG_WARN_DIRECT_OBJC_ISA_USAGE = YES_ERROR;
				CLANG_WARN_DOCUMENTATION_COMMENTS = YES;
				CLANG_WARN_EMPTY_BODY = YES;
				CLANG_WARN_ENUM_CONVERSION = YES;
				CLANG_WARN_INFINITE_RECURSION = YES;
				CLANG_WARN_INT_CONVERSION = YES;
				CLANG_WARN_NON_LITERAL_NULL_CONVERSION = YES;
				CLANG_WARN_OBJC_IMPLICIT_RETAIN_SELF = YES;
				CLANG_WARN_OBJC_LITERAL_CONVERSION = YES;
				CLANG_WARN_OBJC_ROOT_CLASS = YES_ERROR;
				CLANG_WARN_QUOTED_INCLUDE_IN_FRAMEWORK_HEADER = YES;
				CLANG_WARN_RANGE_LOOP_ANALYSIS = YES;
				CLANG_WARN_STRICT_PROTOTYPES = YES;
				CLANG_WARN_SUSPICIOUS_MOVE = YES;
				CLANG_WARN_UNGUARDED_AVAILABILITY = YES_AGGRESSIVE;
				CLANG_WARN_UNREACHABLE_CODE = YES;
				CLANG_WARN__DUPLICATE_METHOD_MATCH = YES;
				COPY_PHASE_STRIP = NO;
				DEBUG_INFORMATION_FORMAT = "dwarf-with-dsym";
				ENABLE_NS_ASSERTIONS = NO;
				ENABLE_STRICT_OBJC_MSGSEND = YES;
				GCC_C_LANGUAGE_STANDARD = gnu11;
				GCC_NO_COMMON_BLOCKS = YES;
				GCC_WARN_64_TO_32_BIT_CONVERSION = YES;
				GCC_WARN_ABOUT_RETURN_TYPE = YES_ERROR;
				GCC_WARN_UNDECLARED_SELECTOR = YES;
				GCC_WARN_UNINITIALIZED_AUTOS = YES_AGGRESSIVE;
				GCC_WARN_UNUSED_FUNCTION = YES;
				GCC_WARN_UNUSED_VARIABLE = YES;
				IPHONEOS_DEPLOYMENT_TARGET = 15.5;
				MTL_ENABLE_DEBUG_INFO = NO;
				MTL_FAST_MATH = YES;
				SDKROOT = iphoneos;
				SWIFT_COMPILATION_MODE = wholemodule;
				SWIFT_OPTIMIZATION_LEVEL = "-O";
				VALIDATE_PRODUCT = YES;
			};
			name = Release;
		};
		FA1F928328ABBA8300EA78BE /* Debug */ = {
			isa = XCBuildConfiguration;
			buildSettings = {
				ASSETCATALOG_COMPILER_APPICON_NAME = AppIcon;
				ASSETCATALOG_COMPILER_GLOBAL_ACCENT_COLOR_NAME = AccentColor;
				CODE_SIGN_STYLE = Automatic;
				CURRENT_PROJECT_VERSION = 1;
				DEVELOPMENT_TEAM = XH9R2VU74K;
				GENERATE_INFOPLIST_FILE = YES;
				INFOPLIST_FILE = "Tasky/Supporting Files/Info.plist";
				INFOPLIST_KEY_UIApplicationSupportsIndirectInputEvents = YES;
				INFOPLIST_KEY_UILaunchStoryboardName = LaunchScreen;
				INFOPLIST_KEY_UISupportedInterfaceOrientations_iPad = "UIInterfaceOrientationPortrait UIInterfaceOrientationPortraitUpsideDown UIInterfaceOrientationLandscapeLeft UIInterfaceOrientationLandscapeRight";
				INFOPLIST_KEY_UISupportedInterfaceOrientations_iPhone = "UIInterfaceOrientationPortrait UIInterfaceOrientationLandscapeLeft UIInterfaceOrientationLandscapeRight";
				LD_RUNPATH_SEARCH_PATHS = (
					"$(inherited)",
					"@executable_path/Frameworks",
				);
				MARKETING_VERSION = 1.0;
				PRODUCT_BUNDLE_IDENTIFIER = tasky.com.Tasky;
				PRODUCT_NAME = "$(TARGET_NAME)";
				SWIFT_EMIT_LOC_STRINGS = YES;
				SWIFT_VERSION = 5.0;
				TARGETED_DEVICE_FAMILY = 1;
			};
			name = Debug;
		};
		FA1F928428ABBA8300EA78BE /* Release */ = {
			isa = XCBuildConfiguration;
			buildSettings = {
				ASSETCATALOG_COMPILER_APPICON_NAME = AppIcon;
				ASSETCATALOG_COMPILER_GLOBAL_ACCENT_COLOR_NAME = AccentColor;
				CODE_SIGN_STYLE = Automatic;
				CURRENT_PROJECT_VERSION = 1;
				DEVELOPMENT_TEAM = XH9R2VU74K;
				GENERATE_INFOPLIST_FILE = YES;
				INFOPLIST_FILE = "Tasky/Supporting Files/Info.plist";
				INFOPLIST_KEY_UIApplicationSupportsIndirectInputEvents = YES;
				INFOPLIST_KEY_UILaunchStoryboardName = LaunchScreen;
				INFOPLIST_KEY_UISupportedInterfaceOrientations_iPad = "UIInterfaceOrientationPortrait UIInterfaceOrientationPortraitUpsideDown UIInterfaceOrientationLandscapeLeft UIInterfaceOrientationLandscapeRight";
				INFOPLIST_KEY_UISupportedInterfaceOrientations_iPhone = "UIInterfaceOrientationPortrait UIInterfaceOrientationLandscapeLeft UIInterfaceOrientationLandscapeRight";
				LD_RUNPATH_SEARCH_PATHS = (
					"$(inherited)",
					"@executable_path/Frameworks",
				);
				MARKETING_VERSION = 1.0;
				PRODUCT_BUNDLE_IDENTIFIER = tasky.com.Tasky;
				PRODUCT_NAME = "$(TARGET_NAME)";
				SWIFT_EMIT_LOC_STRINGS = YES;
				SWIFT_VERSION = 5.0;
				TARGETED_DEVICE_FAMILY = 1;
			};
			name = Release;
		};
/* End XCBuildConfiguration section */

/* Begin XCConfigurationList section */
		FA1F926928ABBA7D00EA78BE /* Build configuration list for PBXProject "Tasky" */ = {
			isa = XCConfigurationList;
			buildConfigurations = (
				FA1F928028ABBA8300EA78BE /* Debug */,
				FA1F928128ABBA8300EA78BE /* Release */,
			);
			defaultConfigurationIsVisible = 0;
			defaultConfigurationName = Release;
		};
		FA1F928228ABBA8300EA78BE /* Build configuration list for PBXNativeTarget "Tasky" */ = {
			isa = XCConfigurationList;
			buildConfigurations = (
				FA1F928328ABBA8300EA78BE /* Debug */,
				FA1F928428ABBA8300EA78BE /* Release */,
			);
			defaultConfigurationIsVisible = 0;
			defaultConfigurationName = Release;
		};
/* End XCConfigurationList section */

/* Begin XCVersionGroup section */
		FA8950EF28AC3CE700EF2946 /* TaskModel.xcdatamodeld */ = {
			isa = XCVersionGroup;
			children = (
				FA8950F028AC3CE700EF2946 /* TaskModel.xcdatamodel */,
			);
			currentVersion = FA8950F028AC3CE700EF2946 /* TaskModel.xcdatamodel */;
			path = TaskModel.xcdatamodeld;
			sourceTree = "<group>";
			versionGroupType = wrapper.xcdatamodel;
		};
/* End XCVersionGroup section */
	};
	rootObject = FA1F926628ABBA7D00EA78BE /* Project object */;
}
